
Microsoft Visual Studio Solution File, Format Version 12.00
# Visual Studio Version 17
VisualStudioVersion = 17.2.32616.157
MinimumVisualStudioVersion = 10.0.40219.1
Project("{9A19103F-16F7-4668-BE54-9A1E7A4F7556}") = "Biosfera3", "Biosfera3.1\Biosfera3.csproj", "{0AE53D21-07A6-4503-B939-BB58F34995D9}"
EndProject
Global
	GlobalSection(SolutionConfigurationPlatforms) = preSolution
		Debug|Any CPU = Debug|Any CPU
		Release|Any CPU = Release|Any CPU
	EndGlobalSection
	GlobalSection(ProjectConfigurationPlatforms) = postSolution
		{0AE53D21-07A6-4503-B939-BB58F34995D9}.Debug|Any CPU.ActiveCfg = Debug|Any CPU
		{0AE53D21-07A6-4503-B939-BB58F34995D9}.Debug|Any CPU.Build.0 = Debug|Any CPU
		{0AE53D21-07A6-4503-B939-BB58F34995D9}.Release|Any CPU.ActiveCfg = Release|Any CPU
		{0AE53D21-07A6-4503-B939-BB58F34995D9}.Release|Any CPU.Build.0 = Release|Any CPU
	EndGlobalSection
	GlobalSection(SolutionProperties) = preSolution
		HideSolutionNode = FALSE
	EndGlobalSection
	GlobalSection(ExtensibilityGlobals) = postSolution
		SolutionGuid = {FE9616C9-C6C0-45D1-B579-F053ED6EB7BB}
	EndGlobalSection
EndGlobal
